
Microsoft Visual Studio Solution File, Format Version 12.00
# Visual Studio Version 16
VisualStudioVersion = 16.0.29519.87
MinimumVisualStudioVersion = 10.0.40219.1
Project("{FAE04EC0-301F-11D3-BF4B-00C04F79EFBC}") = "LostDungeonsDB", "PCTO_INFO2021\LostDungeonsDB.csproj", "{D6BEBD3A-53B3-4E9C-B3F1-C8AC33CF8E0A}"
EndProject
Global
	GlobalSection(SolutionConfigurationPlatforms) = preSolution
		Debug|Any CPU = Debug|Any CPU
		Release|Any CPU = Release|Any CPU
	EndGlobalSection
	GlobalSection(ProjectConfigurationPlatforms) = postSolution
		{D6BEBD3A-53B3-4E9C-B3F1-C8AC33CF8E0A}.Debug|Any CPU.ActiveCfg = Debug|Any CPU
		{D6BEBD3A-53B3-4E9C-B3F1-C8AC33CF8E0A}.Debug|Any CPU.Build.0 = Debug|Any CPU
		{D6BEBD3A-53B3-4E9C-B3F1-C8AC33CF8E0A}.Release|Any CPU.ActiveCfg = Release|Any CPU
		{D6BEBD3A-53B3-4E9C-B3F1-C8AC33CF8E0A}.Release|Any CPU.Build.0 = Release|Any CPU
	EndGlobalSection
	GlobalSection(SolutionProperties) = preSolution
		HideSolutionNode = FALSE
	EndGlobalSection
	GlobalSection(ExtensibilityGlobals) = postSolution
		SolutionGuid = {33F60E73-4C30-4EBC-ABA3-7EFEED30F3C7}
	EndGlobalSection
EndGlobal
